// !$*UTF8*$!
{
	archiveVersion = 1;
	classes = {
	};
	objectVersion = 46;
	objects = {

/* Begin PBXBuildFile section */
		231CF3A39A763B9CE0C66138 /* LLHeaderTextField.m in Sources */ = {isa = PBXBuildFile; fileRef = 231CF48C1787BE2A6F261124 /* LLHeaderTextField.m */; };
		231CF56845F6ED852A05E484 /* LLHeaderTextField.m in Sources */ = {isa = PBXBuildFile; fileRef = 231CF48C1787BE2A6F261124 /* LLHeaderTextField.m */; };
		231CF7888BD4E44E2C22D3C8 /* Localizable.strings in Resources */ = {isa = PBXBuildFile; fileRef = 231CF392E816FFBBCE3E4D42 /* Localizable.strings */; };
		231CF7B72A12F2DD8D1B0058 /* LLTableViewHeaderControl.m in Sources */ = {isa = PBXBuildFile; fileRef = 231CF1AE46206AFA9C2B9810 /* LLTableViewHeaderControl.m */; };
		23378F3D1690ECB400EDE48D /* CoreData.framework in Frameworks */ = {isa = PBXBuildFile; fileRef = 23378F3C1690ECB400EDE48D /* CoreData.framework */; };
		23378F3F1690ED0F00EDE48D /* CoreData.framework in Frameworks */ = {isa = PBXBuildFile; fileRef = 23378F3C1690ECB400EDE48D /* CoreData.framework */; };
		23378F421690F69300EDE48D /* ListDataModel.xcdatamodeld in Sources */ = {isa = PBXBuildFile; fileRef = 23378F401690F69300EDE48D /* ListDataModel.xcdatamodeld */; };
		23378F45169111F500EDE48D /* CoreDataHelper.m in Sources */ = {isa = PBXBuildFile; fileRef = 23378F44169111F500EDE48D /* CoreDataHelper.m */; };
		23378F9616914C5600EDE48D /* List.m in Sources */ = {isa = PBXBuildFile; fileRef = 23378F9516914C5600EDE48D /* List.m */; };
		23378F991691530300EDE48D /* Settings.m in Sources */ = {isa = PBXBuildFile; fileRef = 23378F981691530300EDE48D /* Settings.m */; };
		23496BBD168B9AEA0082E3DF /* LLTableViewCell.m in Sources */ = {isa = PBXBuildFile; fileRef = 23496BBC168B9AEA0082E3DF /* LLTableViewCell.m */; };
		23496BBE168B9AEA0082E3DF /* LLTableViewCell.m in Sources */ = {isa = PBXBuildFile; fileRef = 23496BBC168B9AEA0082E3DF /* LLTableViewCell.m */; };
		2369394C168D6F1C00FA576F /* ListItemTests.m in Sources */ = {isa = PBXBuildFile; fileRef = 2369394B168D6F1C00FA576F /* ListItemTests.m */; };
		236BF7F3168D2C7C006EAC69 /* ListItem.m in Sources */ = {isa = PBXBuildFile; fileRef = 236BF7F2168D2C7C006EAC69 /* ListItem.m */; };
		236BF7F4168D2C7C006EAC69 /* ListItem.m in Sources */ = {isa = PBXBuildFile; fileRef = 236BF7F2168D2C7C006EAC69 /* ListItem.m */; };
		23A4F562168D5C38003D7DCC /* AddRow.png in Resources */ = {isa = PBXBuildFile; fileRef = 23A4F561168D5C38003D7DCC /* AddRow.png */; };
		23FEBBB2168B87A600872565 /* UIKit.framework in Frameworks */ = {isa = PBXBuildFile; fileRef = 23FEBBB1168B87A600872565 /* UIKit.framework */; };
		23FEBBB4168B87A600872565 /* Foundation.framework in Frameworks */ = {isa = PBXBuildFile; fileRef = 23FEBBB3168B87A600872565 /* Foundation.framework */; };
		23FEBBB6168B87A600872565 /* CoreGraphics.framework in Frameworks */ = {isa = PBXBuildFile; fileRef = 23FEBBB5168B87A600872565 /* CoreGraphics.framework */; };
		23FEBBBC168B87A600872565 /* InfoPlist.strings in Resources */ = {isa = PBXBuildFile; fileRef = 23FEBBBA168B87A600872565 /* InfoPlist.strings */; };
		23FEBBBE168B87A600872565 /* main.m in Sources */ = {isa = PBXBuildFile; fileRef = 23FEBBBD168B87A600872565 /* main.m */; };
		23FEBBC2168B87A600872565 /* LLAppDelegate.m in Sources */ = {isa = PBXBuildFile; fileRef = 23FEBBC1168B87A600872565 /* LLAppDelegate.m */; };
		23FEBBC4168B87A600872565 /* Default.png in Resources */ = {isa = PBXBuildFile; fileRef = 23FEBBC3168B87A600872565 /* Default.png */; };
		23FEBBC6168B87A600872565 /* Default@2x.png in Resources */ = {isa = PBXBuildFile; fileRef = 23FEBBC5168B87A600872565 /* Default@2x.png */; };
		23FEBBC8168B87A600872565 /* Default-568h@2x.png in Resources */ = {isa = PBXBuildFile; fileRef = 23FEBBC7168B87A600872565 /* Default-568h@2x.png */; };
		23FEBBCB168B87A600872565 /* MainStoryboard_iPhone.storyboard in Resources */ = {isa = PBXBuildFile; fileRef = 23FEBBC9168B87A600872565 /* MainStoryboard_iPhone.storyboard */; };
		23FEBBCE168B87A600872565 /* MainStoryboard_iPad.storyboard in Resources */ = {isa = PBXBuildFile; fileRef = 23FEBBCC168B87A600872565 /* MainStoryboard_iPad.storyboard */; };
		23FEBBD1168B87A600872565 /* LLViewController.m in Sources */ = {isa = PBXBuildFile; fileRef = 23FEBBD0168B87A600872565 /* LLViewController.m */; };
		23FEBBD9168B87A600872565 /* SenTestingKit.framework in Frameworks */ = {isa = PBXBuildFile; fileRef = 23FEBBD8168B87A600872565 /* SenTestingKit.framework */; };
		23FEBBDA168B87A600872565 /* UIKit.framework in Frameworks */ = {isa = PBXBuildFile; fileRef = 23FEBBB1168B87A600872565 /* UIKit.framework */; };
		23FEBBDB168B87A600872565 /* Foundation.framework in Frameworks */ = {isa = PBXBuildFile; fileRef = 23FEBBB3168B87A600872565 /* Foundation.framework */; };
		23FEBBE3168B87A600872565 /* InfoPlist.strings in Resources */ = {isa = PBXBuildFile; fileRef = 23FEBBE1168B87A600872565 /* InfoPlist.strings */; };
		23FEBBE6168B87A600872565 /* ListsTests.m in Sources */ = {isa = PBXBuildFile; fileRef = 23FEBBE5168B87A600872565 /* ListsTests.m */; };
/* End PBXBuildFile section */

/* Begin PBXContainerItemProxy section */
		23FEBBDC168B87A600872565 /* PBXContainerItemProxy */ = {
			isa = PBXContainerItemProxy;
			containerPortal = 23FEBBA4168B87A600872565 /* Project object */;
			proxyType = 1;
			remoteGlobalIDString = 23FEBBAC168B87A600872565;
			remoteInfo = Lists;
		};
/* End PBXContainerItemProxy section */

/* Begin PBXFileReference section */
		231CF1AE46206AFA9C2B9810 /* LLTableViewHeaderControl.m */ = {isa = PBXFileReference; fileEncoding = 4; lastKnownFileType = sourcecode.c.objc; path = LLTableViewHeaderControl.m; sourceTree = "<group>"; };
		231CF29E5109A814B92E9B47 /* LLHeaderTextField.h */ = {isa = PBXFileReference; fileEncoding = 4; lastKnownFileType = sourcecode.c.h; path = LLHeaderTextField.h; sourceTree = "<group>"; };
		231CF392E816FFBBCE3E4D42 /* Localizable.strings */ = {isa = PBXFileReference; fileEncoding = 4; lastKnownFileType = text.plist.strings; path = Localizable.strings; sourceTree = "<group>"; };
		231CF48C1787BE2A6F261124 /* LLHeaderTextField.m */ = {isa = PBXFileReference; fileEncoding = 4; lastKnownFileType = sourcecode.c.objc; path = LLHeaderTextField.m; sourceTree = "<group>"; };
		231CFAE0AA0FB071E06A7AFD /* LLTableViewHeaderControl.h */ = {isa = PBXFileReference; fileEncoding = 4; lastKnownFileType = sourcecode.c.h; path = LLTableViewHeaderControl.h; sourceTree = "<group>"; };
		23378F3C1690ECB400EDE48D /* CoreData.framework */ = {isa = PBXFileReference; lastKnownFileType = wrapper.framework; name = CoreData.framework; path = System/Library/Frameworks/CoreData.framework; sourceTree = SDKROOT; };
		23378F411690F69300EDE48D /* ListDataModel.xcdatamodel */ = {isa = PBXFileReference; lastKnownFileType = wrapper.xcdatamodel; path = ListDataModel.xcdatamodel; sourceTree = "<group>"; };
		23378F43169111F500EDE48D /* CoreDataHelper.h */ = {isa = PBXFileReference; fileEncoding = 4; lastKnownFileType = sourcecode.c.h; path = CoreDataHelper.h; sourceTree = "<group>"; };
		23378F44169111F500EDE48D /* CoreDataHelper.m */ = {isa = PBXFileReference; fileEncoding = 4; lastKnownFileType = sourcecode.c.objc; path = CoreDataHelper.m; sourceTree = "<group>"; };
		23378F461691171200EDE48D /* ListDataModel 2.xcdatamodel */ = {isa = PBXFileReference; lastKnownFileType = file; path = "ListDataModel 2.xcdatamodel"; sourceTree = "<group>"; };
		23378F9416914C5600EDE48D /* List.h */ = {isa = PBXFileReference; fileEncoding = 4; lastKnownFileType = sourcecode.c.h; name = List.h; path = ../List.h; sourceTree = "<group>"; };
		23378F9516914C5600EDE48D /* List.m */ = {isa = PBXFileReference; fileEncoding = 4; lastKnownFileType = sourcecode.c.objc; name = List.m; path = ../List.m; sourceTree = "<group>"; };
		23378F971691530300EDE48D /* Settings.h */ = {isa = PBXFileReference; fileEncoding = 4; lastKnownFileType = sourcecode.c.h; path = Settings.h; sourceTree = "<group>"; };
		23378F981691530300EDE48D /* Settings.m */ = {isa = PBXFileReference; fileEncoding = 4; lastKnownFileType = sourcecode.c.objc; path = Settings.m; sourceTree = "<group>"; };
		23496BBB168B9AEA0082E3DF /* LLTableViewCell.h */ = {isa = PBXFileReference; fileEncoding = 4; lastKnownFileType = sourcecode.c.h; path = LLTableViewCell.h; sourceTree = "<group>"; };
		23496BBC168B9AEA0082E3DF /* LLTableViewCell.m */ = {isa = PBXFileReference; fileEncoding = 4; lastKnownFileType = sourcecode.c.objc; path = LLTableViewCell.m; sourceTree = "<group>"; };
		2369394A168D6F1C00FA576F /* ListItemTests.h */ = {isa = PBXFileReference; fileEncoding = 4; lastKnownFileType = sourcecode.c.h; path = ListItemTests.h; sourceTree = "<group>"; };
		2369394B168D6F1C00FA576F /* ListItemTests.m */ = {isa = PBXFileReference; fileEncoding = 4; lastKnownFileType = sourcecode.c.objc; path = ListItemTests.m; sourceTree = "<group>"; };
		236BF7F1168D2C7C006EAC69 /* ListItem.h */ = {isa = PBXFileReference; fileEncoding = 4; lastKnownFileType = sourcecode.c.h; path = ListItem.h; sourceTree = "<group>"; };
		236BF7F2168D2C7C006EAC69 /* ListItem.m */ = {isa = PBXFileReference; fileEncoding = 4; lastKnownFileType = sourcecode.c.objc; path = ListItem.m; sourceTree = "<group>"; };
		23A4F561168D5C38003D7DCC /* AddRow.png */ = {isa = PBXFileReference; lastKnownFileType = image.png; path = AddRow.png; sourceTree = "<group>"; };
		23FEBBAD168B87A600872565 /* Lists.app */ = {isa = PBXFileReference; explicitFileType = wrapper.application; includeInIndex = 0; path = Lists.app; sourceTree = BUILT_PRODUCTS_DIR; };
		23FEBBB1168B87A600872565 /* UIKit.framework */ = {isa = PBXFileReference; lastKnownFileType = wrapper.framework; name = UIKit.framework; path = System/Library/Frameworks/UIKit.framework; sourceTree = SDKROOT; };
		23FEBBB3168B87A600872565 /* Foundation.framework */ = {isa = PBXFileReference; lastKnownFileType = wrapper.framework; name = Foundation.framework; path = System/Library/Frameworks/Foundation.framework; sourceTree = SDKROOT; };
		23FEBBB5168B87A600872565 /* CoreGraphics.framework */ = {isa = PBXFileReference; lastKnownFileType = wrapper.framework; name = CoreGraphics.framework; path = System/Library/Frameworks/CoreGraphics.framework; sourceTree = SDKROOT; };
		23FEBBB9168B87A600872565 /* Lists-Info.plist */ = {isa = PBXFileReference; lastKnownFileType = text.plist.xml; path = "Lists-Info.plist"; sourceTree = "<group>"; };
		23FEBBBB168B87A600872565 /* en */ = {isa = PBXFileReference; lastKnownFileType = text.plist.strings; name = en; path = en.lproj/InfoPlist.strings; sourceTree = "<group>"; };
		23FEBBBD168B87A600872565 /* main.m */ = {isa = PBXFileReference; lastKnownFileType = sourcecode.c.objc; path = main.m; sourceTree = "<group>"; };
		23FEBBBF168B87A600872565 /* Lists-Prefix.pch */ = {isa = PBXFileReference; lastKnownFileType = sourcecode.c.h; path = "Lists-Prefix.pch"; sourceTree = "<group>"; };
		23FEBBC0168B87A600872565 /* LLAppDelegate.h */ = {isa = PBXFileReference; lastKnownFileType = sourcecode.c.h; path = LLAppDelegate.h; sourceTree = "<group>"; };
		23FEBBC1168B87A600872565 /* LLAppDelegate.m */ = {isa = PBXFileReference; lastKnownFileType = sourcecode.c.objc; path = LLAppDelegate.m; sourceTree = "<group>"; };
		23FEBBC3168B87A600872565 /* Default.png */ = {isa = PBXFileReference; lastKnownFileType = image.png; path = Default.png; sourceTree = "<group>"; };
		23FEBBC5168B87A600872565 /* Default@2x.png */ = {isa = PBXFileReference; lastKnownFileType = image.png; path = "Default@2x.png"; sourceTree = "<group>"; };
		23FEBBC7168B87A600872565 /* Default-568h@2x.png */ = {isa = PBXFileReference; lastKnownFileType = image.png; path = "Default-568h@2x.png"; sourceTree = "<group>"; };
		23FEBBCA168B87A600872565 /* MainStoryboard_iPhone.storyboard */ = {isa = PBXFileReference; lastKnownFileType = file.storyboard; name = MainStoryboard_iPhone.storyboard; path = en.lproj/MainStoryboard_iPhone.storyboard; sourceTree = "<group>"; };
		23FEBBCD168B87A600872565 /* en */ = {isa = PBXFileReference; lastKnownFileType = file.storyboard; name = en; path = en.lproj/MainStoryboard_iPad.storyboard; sourceTree = "<group>"; };
		23FEBBCF168B87A600872565 /* LLViewController.h */ = {isa = PBXFileReference; lastKnownFileType = sourcecode.c.h; path = LLViewController.h; sourceTree = "<group>"; };
		23FEBBD0168B87A600872565 /* LLViewController.m */ = {isa = PBXFileReference; lastKnownFileType = sourcecode.c.objc; path = LLViewController.m; sourceTree = "<group>"; };
		23FEBBD7168B87A600872565 /* ListsTests.octest */ = {isa = PBXFileReference; explicitFileType = wrapper.cfbundle; includeInIndex = 0; path = ListsTests.octest; sourceTree = BUILT_PRODUCTS_DIR; };
		23FEBBD8168B87A600872565 /* SenTestingKit.framework */ = {isa = PBXFileReference; lastKnownFileType = wrapper.framework; name = SenTestingKit.framework; path = Library/Frameworks/SenTestingKit.framework; sourceTree = DEVELOPER_DIR; };
		23FEBBE0168B87A600872565 /* ListsTests-Info.plist */ = {isa = PBXFileReference; lastKnownFileType = text.plist.xml; path = "ListsTests-Info.plist"; sourceTree = "<group>"; };
		23FEBBE2168B87A600872565 /* en */ = {isa = PBXFileReference; lastKnownFileType = text.plist.strings; name = en; path = en.lproj/InfoPlist.strings; sourceTree = "<group>"; };
		23FEBBE4168B87A600872565 /* ListsTests.h */ = {isa = PBXFileReference; lastKnownFileType = sourcecode.c.h; path = ListsTests.h; sourceTree = "<group>"; };
		23FEBBE5168B87A600872565 /* ListsTests.m */ = {isa = PBXFileReference; lastKnownFileType = sourcecode.c.objc; path = ListsTests.m; sourceTree = "<group>"; };
/* End PBXFileReference section */

/* Begin PBXFrameworksBuildPhase section */
		23FEBBAA168B87A600872565 /* Frameworks */ = {
			isa = PBXFrameworksBuildPhase;
			buildActionMask = 2147483647;
			files = (
				23378F3D1690ECB400EDE48D /* CoreData.framework in Frameworks */,
				23FEBBB2168B87A600872565 /* UIKit.framework in Frameworks */,
				23FEBBB4168B87A600872565 /* Foundation.framework in Frameworks */,
				23FEBBB6168B87A600872565 /* CoreGraphics.framework in Frameworks */,
			);
			runOnlyForDeploymentPostprocessing = 0;
		};
		23FEBBD3168B87A600872565 /* Frameworks */ = {
			isa = PBXFrameworksBuildPhase;
			buildActionMask = 2147483647;
			files = (
				23378F3F1690ED0F00EDE48D /* CoreData.framework in Frameworks */,
				23FEBBD9168B87A600872565 /* SenTestingKit.framework in Frameworks */,
				23FEBBDA168B87A600872565 /* UIKit.framework in Frameworks */,
				23FEBBDB168B87A600872565 /* Foundation.framework in Frameworks */,
			);
			runOnlyForDeploymentPostprocessing = 0;
		};
/* End PBXFrameworksBuildPhase section */

/* Begin PBXGroup section */
		23FEBBA2168B87A600872565 = {
			isa = PBXGroup;
			children = (
				23FEBBB7168B87A600872565 /* Lists */,
				23FEBBDE168B87A600872565 /* ListsTests */,
				23FEBBB0168B87A600872565 /* Frameworks */,
				23FEBBAE168B87A600872565 /* Products */,
			);
			sourceTree = "<group>";
		};
		23FEBBAE168B87A600872565 /* Products */ = {
			isa = PBXGroup;
			children = (
				23FEBBAD168B87A600872565 /* Lists.app */,
				23FEBBD7168B87A600872565 /* ListsTests.octest */,
			);
			name = Products;
			sourceTree = "<group>";
		};
		23FEBBB0168B87A600872565 /* Frameworks */ = {
			isa = PBXGroup;
			children = (
				23378F3C1690ECB400EDE48D /* CoreData.framework */,
				23FEBBB1168B87A600872565 /* UIKit.framework */,
				23FEBBB3168B87A600872565 /* Foundation.framework */,
				23FEBBB5168B87A600872565 /* CoreGraphics.framework */,
				23FEBBD8168B87A600872565 /* SenTestingKit.framework */,
			);
			name = Frameworks;
			sourceTree = "<group>";
		};
		23FEBBB7168B87A600872565 /* Lists */ = {
			isa = PBXGroup;
			children = (
				23378F9416914C5600EDE48D /* List.h */,
				23378F9516914C5600EDE48D /* List.m */,
				236BF7F1168D2C7C006EAC69 /* ListItem.h */,
				236BF7F2168D2C7C006EAC69 /* ListItem.m */,
				23378F971691530300EDE48D /* Settings.h */,
				23378F981691530300EDE48D /* Settings.m */,
				23FEBBC0168B87A600872565 /* LLAppDelegate.h */,
				23FEBBC1168B87A600872565 /* LLAppDelegate.m */,
				23FEBBCC168B87A600872565 /* MainStoryboard_iPad.storyboard */,
				23FEBBC9168B87A600872565 /* MainStoryboard_iPhone.storyboard */,
				23A4F561168D5C38003D7DCC /* AddRow.png */,
				23496BBB168B9AEA0082E3DF /* LLTableViewCell.h */,
				23496BBC168B9AEA0082E3DF /* LLTableViewCell.m */,
				23FEBBCF168B87A600872565 /* LLViewController.h */,
				23FEBBD0168B87A600872565 /* LLViewController.m */,
				23378F43169111F500EDE48D /* CoreDataHelper.h */,
				23378F44169111F500EDE48D /* CoreDataHelper.m */,
				23378F401690F69300EDE48D /* ListDataModel.xcdatamodeld */,
				231CF1AE46206AFA9C2B9810 /* LLTableViewHeaderControl.m */,
				231CFAE0AA0FB071E06A7AFD /* LLTableViewHeaderControl.h */,
				23FEBBB8168B87A600872565 /* Supporting Files */,
				231CF392E816FFBBCE3E4D42 /* Localizable.strings */,
				231CF48C1787BE2A6F261124 /* LLHeaderTextField.m */,
				231CF29E5109A814B92E9B47 /* LLHeaderTextField.h */,
			);
			path = Lists;
			sourceTree = "<group>";
		};
		23FEBBB8168B87A600872565 /* Supporting Files */ = {
			isa = PBXGroup;
			children = (
				23FEBBB9168B87A600872565 /* Lists-Info.plist */,
				23FEBBBA168B87A600872565 /* InfoPlist.strings */,
				23FEBBBD168B87A600872565 /* main.m */,
				23FEBBBF168B87A600872565 /* Lists-Prefix.pch */,
				23FEBBC3168B87A600872565 /* Default.png */,
				23FEBBC5168B87A600872565 /* Default@2x.png */,
				23FEBBC7168B87A600872565 /* Default-568h@2x.png */,
			);
			name = "Supporting Files";
			sourceTree = "<group>";
		};
		23FEBBDE168B87A600872565 /* ListsTests */ = {
			isa = PBXGroup;
			children = (
				23FEBBE4168B87A600872565 /* ListsTests.h */,
				23FEBBE5168B87A600872565 /* ListsTests.m */,
				2369394A168D6F1C00FA576F /* ListItemTests.h */,
				2369394B168D6F1C00FA576F /* ListItemTests.m */,
				23FEBBDF168B87A600872565 /* Supporting Files */,
			);
			path = ListsTests;
			sourceTree = "<group>";
		};
		23FEBBDF168B87A600872565 /* Supporting Files */ = {
			isa = PBXGroup;
			children = (
				23FEBBE0168B87A600872565 /* ListsTests-Info.plist */,
				23FEBBE1168B87A600872565 /* InfoPlist.strings */,
			);
			name = "Supporting Files";
			sourceTree = "<group>";
		};
/* End PBXGroup section */

/* Begin PBXNativeTarget section */
		23FEBBAC168B87A600872565 /* Lists */ = {
			isa = PBXNativeTarget;
			buildConfigurationList = 23FEBBE9168B87A600872565 /* Build configuration list for PBXNativeTarget "Lists" */;
			buildPhases = (
				23FEBBA9168B87A600872565 /* Sources */,
				23FEBBAA168B87A600872565 /* Frameworks */,
				23FEBBAB168B87A600872565 /* Resources */,
			);
			buildRules = (
			);
			dependencies = (
			);
			name = Lists;
			productName = Lists;
			productReference = 23FEBBAD168B87A600872565 /* Lists.app */;
			productType = "com.apple.product-type.application";
		};
		23FEBBD6168B87A600872565 /* ListsTests */ = {
			isa = PBXNativeTarget;
			buildConfigurationList = 23FEBBEC168B87A600872565 /* Build configuration list for PBXNativeTarget "ListsTests" */;
			buildPhases = (
				23FEBBD2168B87A600872565 /* Sources */,
				23FEBBD3168B87A600872565 /* Frameworks */,
				23FEBBD4168B87A600872565 /* Resources */,
				23FEBBD5168B87A600872565 /* ShellScript */,
			);
			buildRules = (
			);
			dependencies = (
				23FEBBDD168B87A600872565 /* PBXTargetDependency */,
			);
			name = ListsTests;
			productName = ListsTests;
			productReference = 23FEBBD7168B87A600872565 /* ListsTests.octest */;
			productType = "com.apple.product-type.bundle";
		};
/* End PBXNativeTarget section */

/* Begin PBXProject section */
		23FEBBA4168B87A600872565 /* Project object */ = {
			isa = PBXProject;
			attributes = {
				CLASSPREFIX = LL;
				LastUpgradeCheck = 0450;
				ORGANIZATIONNAME = EggDevil;
			};
			buildConfigurationList = 23FEBBA7168B87A600872565 /* Build configuration list for PBXProject "Lists" */;
			compatibilityVersion = "Xcode 3.2";
			developmentRegion = English;
			hasScannedForEncodings = 0;
			knownRegions = (
				en,
			);
			mainGroup = 23FEBBA2168B87A600872565;
			productRefGroup = 23FEBBAE168B87A600872565 /* Products */;
			projectDirPath = "";
			projectRoot = "";
			targets = (
				23FEBBAC168B87A600872565 /* Lists */,
				23FEBBD6168B87A600872565 /* ListsTests */,
			);
		};
/* End PBXProject section */

/* Begin PBXResourcesBuildPhase section */
		23FEBBAB168B87A600872565 /* Resources */ = {
			isa = PBXResourcesBuildPhase;
			buildActionMask = 2147483647;
			files = (
				23FEBBBC168B87A600872565 /* InfoPlist.strings in Resources */,
				23FEBBC4168B87A600872565 /* Default.png in Resources */,
				23FEBBC6168B87A600872565 /* Default@2x.png in Resources */,
				23FEBBC8168B87A600872565 /* Default-568h@2x.png in Resources */,
				23FEBBCB168B87A600872565 /* MainStoryboard_iPhone.storyboard in Resources */,
				23FEBBCE168B87A600872565 /* MainStoryboard_iPad.storyboard in Resources */,
				231CF7888BD4E44E2C22D3C8 /* Localizable.strings in Resources */,
				23A4F562168D5C38003D7DCC /* AddRow.png in Resources */,
			);
			runOnlyForDeploymentPostprocessing = 0;
		};
		23FEBBD4168B87A600872565 /* Resources */ = {
			isa = PBXResourcesBuildPhase;
			buildActionMask = 2147483647;
			files = (
				23FEBBE3168B87A600872565 /* InfoPlist.strings in Resources */,
			);
			runOnlyForDeploymentPostprocessing = 0;
		};
/* End PBXResourcesBuildPhase section */

/* Begin PBXShellScriptBuildPhase section */
		23FEBBD5168B87A600872565 /* ShellScript */ = {
			isa = PBXShellScriptBuildPhase;
			buildActionMask = 2147483647;
			files = (
			);
			inputPaths = (
			);
			outputPaths = (
			);
			runOnlyForDeploymentPostprocessing = 0;
			shellPath = /bin/sh;
			shellScript = "# Run the unit tests in this test bundle.\n\"${SYSTEM_DEVELOPER_DIR}/Tools/RunUnitTests\"\n";
		};
/* End PBXShellScriptBuildPhase section */

/* Begin PBXSourcesBuildPhase section */
		23FEBBA9168B87A600872565 /* Sources */ = {
			isa = PBXSourcesBuildPhase;
			buildActionMask = 2147483647;
			files = (
				23FEBBBE168B87A600872565 /* main.m in Sources */,
				23FEBBC2168B87A600872565 /* LLAppDelegate.m in Sources */,
				23FEBBD1168B87A600872565 /* LLViewController.m in Sources */,
				23496BBD168B9AEA0082E3DF /* LLTableViewCell.m in Sources */,
				231CF7B72A12F2DD8D1B0058 /* LLTableViewHeaderControl.m in Sources */,
				231CF3A39A763B9CE0C66138 /* LLHeaderTextField.m in Sources */,
				236BF7F3168D2C7C006EAC69 /* ListItem.m in Sources */,
				23378F421690F69300EDE48D /* ListDataModel.xcdatamodeld in Sources */,
				23378F45169111F500EDE48D /* CoreDataHelper.m in Sources */,
				23378F9616914C5600EDE48D /* List.m in Sources */,
				23378F991691530300EDE48D /* Settings.m in Sources */,
			);
			runOnlyForDeploymentPostprocessing = 0;
		};
		23FEBBD2168B87A600872565 /* Sources */ = {
			isa = PBXSourcesBuildPhase;
			buildActionMask = 2147483647;
			files = (
				23FEBBE6168B87A600872565 /* ListsTests.m in Sources */,
				23496BBE168B9AEA0082E3DF /* LLTableViewCell.m in Sources */,
				231CF56845F6ED852A05E484 /* LLHeaderTextField.m in Sources */,
				236BF7F4168D2C7C006EAC69 /* ListItem.m in Sources */,
				2369394C168D6F1C00FA576F /* ListItemTests.m in Sources */,
			);
			runOnlyForDeploymentPostprocessing = 0;
		};
/* End PBXSourcesBuildPhase section */

/* Begin PBXTargetDependency section */
		23FEBBDD168B87A600872565 /* PBXTargetDependency */ = {
			isa = PBXTargetDependency;
			target = 23FEBBAC168B87A600872565 /* Lists */;
			targetProxy = 23FEBBDC168B87A600872565 /* PBXContainerItemProxy */;
		};
/* End PBXTargetDependency section */

/* Begin PBXVariantGroup section */
		23FEBBBA168B87A600872565 /* InfoPlist.strings */ = {
			isa = PBXVariantGroup;
			children = (
				23FEBBBB168B87A600872565 /* en */,
			);
			name = InfoPlist.strings;
			sourceTree = "<group>";
		};
		23FEBBC9168B87A600872565 /* MainStoryboard_iPhone.storyboard */ = {
			isa = PBXVariantGroup;
			children = (
				23FEBBCA168B87A600872565 /* MainStoryboard_iPhone.storyboard */,
			);
			name = MainStoryboard_iPhone.storyboard;
			sourceTree = "<group>";
		};
		23FEBBCC168B87A600872565 /* MainStoryboard_iPad.storyboard */ = {
			isa = PBXVariantGroup;
			children = (
				23FEBBCD168B87A600872565 /* en */,
			);
			name = MainStoryboard_iPad.storyboard;
			sourceTree = "<group>";
		};
		23FEBBE1168B87A600872565 /* InfoPlist.strings */ = {
			isa = PBXVariantGroup;
			children = (
				23FEBBE2168B87A600872565 /* en */,
			);
			name = InfoPlist.strings;
			sourceTree = "<group>";
		};
/* End PBXVariantGroup section */

/* Begin XCBuildConfiguration section */
		23FEBBE7168B87A600872565 /* Debug */ = {
			isa = XCBuildConfiguration;
			buildSettings = {
				ALWAYS_SEARCH_USER_PATHS = NO;
				CLANG_CXX_LANGUAGE_STANDARD = "gnu++0x";
				CLANG_CXX_LIBRARY = "libc++";
				CLANG_ENABLE_OBJC_ARC = YES;
				CLANG_WARN_EMPTY_BODY = YES;
				CLANG_WARN__DUPLICATE_METHOD_MATCH = YES;
				"CODE_SIGN_IDENTITY[sdk=iphoneos*]" = "iPhone Developer";
				COPY_PHASE_STRIP = NO;
				GCC_C_LANGUAGE_STANDARD = gnu99;
				GCC_DYNAMIC_NO_PIC = NO;
				GCC_OPTIMIZATION_LEVEL = 0;
				GCC_PREPROCESSOR_DEFINITIONS = (
					"DEBUG=1",
					"$(inherited)",
				);
				GCC_SYMBOLS_PRIVATE_EXTERN = NO;
				GCC_WARN_ABOUT_RETURN_TYPE = YES;
				GCC_WARN_UNINITIALIZED_AUTOS = YES;
				GCC_WARN_UNUSED_VARIABLE = YES;
				IPHONEOS_DEPLOYMENT_TARGET = 6.0;
				ONLY_ACTIVE_ARCH = YES;
				SDKROOT = iphoneos;
				TARGETED_DEVICE_FAMILY = "1,2";
			};
			name = Debug;
		};
		23FEBBE8168B87A600872565 /* Release */ = {
			isa = XCBuildConfiguration;
			buildSettings = {
				ALWAYS_SEARCH_USER_PATHS = NO;
				CLANG_CXX_LANGUAGE_STANDARD = "gnu++0x";
				CLANG_CXX_LIBRARY = "libc++";
				CLANG_ENABLE_OBJC_ARC = YES;
				CLANG_WARN_EMPTY_BODY = YES;
				CLANG_WARN__DUPLICATE_METHOD_MATCH = YES;
				"CODE_SIGN_IDENTITY[sdk=iphoneos*]" = "iPhone Developer";
				COPY_PHASE_STRIP = YES;
				GCC_C_LANGUAGE_STANDARD = gnu99;
				GCC_WARN_ABOUT_RETURN_TYPE = YES;
				GCC_WARN_UNINITIALIZED_AUTOS = YES;
				GCC_WARN_UNUSED_VARIABLE = YES;
				IPHONEOS_DEPLOYMENT_TARGET = 6.0;
				OTHER_CFLAGS = "-DNS_BLOCK_ASSERTIONS=1";
				SDKROOT = iphoneos;
				TARGETED_DEVICE_FAMILY = "1,2";
				VALIDATE_PRODUCT = YES;
			};
			name = Release;
		};
		23FEBBEA168B87A600872565 /* Debug */ = {
			isa = XCBuildConfiguration;
			buildSettings = {
				GCC_PRECOMPILE_PREFIX_HEADER = YES;
				GCC_PREFIX_HEADER = "Lists/Lists-Prefix.pch";
				INFOPLIST_FILE = "Lists/Lists-Info.plist";
				PRODUCT_NAME = "$(TARGET_NAME)";
				WRAPPER_EXTENSION = app;
			};
			name = Debug;
		};
		23FEBBEB168B87A600872565 /* Release */ = {
			isa = XCBuildConfiguration;
			buildSettings = {
				GCC_PRECOMPILE_PREFIX_HEADER = YES;
				GCC_PREFIX_HEADER = "Lists/Lists-Prefix.pch";
				INFOPLIST_FILE = "Lists/Lists-Info.plist";
				PRODUCT_NAME = "$(TARGET_NAME)";
				WRAPPER_EXTENSION = app;
			};
			name = Release;
		};
		23FEBBED168B87A600872565 /* Debug */ = {
			isa = XCBuildConfiguration;
			buildSettings = {
				BUNDLE_LOADER = "$(BUILT_PRODUCTS_DIR)/Lists.app/Lists";
				FRAMEWORK_SEARCH_PATHS = (
					"\"$(SDKROOT)/Developer/Library/Frameworks\"",
					"\"$(DEVELOPER_LIBRARY_DIR)/Frameworks\"",
				);
				GCC_PRECOMPILE_PREFIX_HEADER = YES;
				GCC_PREFIX_HEADER = "Lists/Lists-Prefix.pch";
				INFOPLIST_FILE = "ListsTests/ListsTests-Info.plist";
				PRODUCT_NAME = "$(TARGET_NAME)";
				TEST_HOST = "$(BUNDLE_LOADER)";
				WRAPPER_EXTENSION = octest;
			};
			name = Debug;
		};
		23FEBBEE168B87A600872565 /* Release */ = {
			isa = XCBuildConfiguration;
			buildSettings = {
				BUNDLE_LOADER = "$(BUILT_PRODUCTS_DIR)/Lists.app/Lists";
				FRAMEWORK_SEARCH_PATHS = (
					"\"$(SDKROOT)/Developer/Library/Frameworks\"",
					"\"$(DEVELOPER_LIBRARY_DIR)/Frameworks\"",
				);
				GCC_PRECOMPILE_PREFIX_HEADER = YES;
				GCC_PREFIX_HEADER = "Lists/Lists-Prefix.pch";
				INFOPLIST_FILE = "ListsTests/ListsTests-Info.plist";
				PRODUCT_NAME = "$(TARGET_NAME)";
				TEST_HOST = "$(BUNDLE_LOADER)";
				WRAPPER_EXTENSION = octest;
			};
			name = Release;
		};
/* End XCBuildConfiguration section */

/* Begin XCConfigurationList section */
		23FEBBA7168B87A600872565 /* Build configuration list for PBXProject "Lists" */ = {
			isa = XCConfigurationList;
			buildConfigurations = (
				23FEBBE7168B87A600872565 /* Debug */,
				23FEBBE8168B87A600872565 /* Release */,
			);
			defaultConfigurationIsVisible = 0;
			defaultConfigurationName = Release;
		};
		23FEBBE9168B87A600872565 /* Build configuration list for PBXNativeTarget "Lists" */ = {
			isa = XCConfigurationList;
			buildConfigurations = (
				23FEBBEA168B87A600872565 /* Debug */,
				23FEBBEB168B87A600872565 /* Release */,
			);
			defaultConfigurationIsVisible = 0;
			defaultConfigurationName = Release;
		};
		23FEBBEC168B87A600872565 /* Build configuration list for PBXNativeTarget "ListsTests" */ = {
			isa = XCConfigurationList;
			buildConfigurations = (
				23FEBBED168B87A600872565 /* Debug */,
				23FEBBEE168B87A600872565 /* Release */,
			);
			defaultConfigurationIsVisible = 0;
			defaultConfigurationName = Release;
		};
/* End XCConfigurationList section */

/* Begin XCVersionGroup section */
		23378F401690F69300EDE48D /* ListDataModel.xcdatamodeld */ = {
			isa = XCVersionGroup;
			children = (
				23378F461691171200EDE48D /* ListDataModel 2.xcdatamodel */,
				23378F411690F69300EDE48D /* ListDataModel.xcdatamodel */,
			);
			currentVersion = 23378F461691171200EDE48D /* ListDataModel 2.xcdatamodel */;
			path = ListDataModel.xcdatamodeld;
			sourceTree = "<group>";
			usesTabs = 0;
			versionGroupType = wrapper.xcdatamodel;
		};
/* End XCVersionGroup section */
	};
	rootObject = 23FEBBA4168B87A600872565 /* Project object */;
}
